
Microsoft Visual Studio Solution File, Format Version 12.00
# Visual Studio Version 17
VisualStudioVersion = 17.1.32228.430
MinimumVisualStudioVersion = 10.0.40219.1
Project("{FAE04EC0-301F-11D3-BF4B-00C04F79EFBC}") = "16.09.2022", "16.09.2022\16.09.2022.csproj", "{A9E7B269-0135-4B4F-A978-DE4F22F0B469}"
EndProject
Global
	GlobalSection(SolutionConfigurationPlatforms) = preSolution
		Debug|Any CPU = Debug|Any CPU
		Release|Any CPU = Release|Any CPU
	EndGlobalSection
	GlobalSection(ProjectConfigurationPlatforms) = postSolution
		{A9E7B269-0135-4B4F-A978-DE4F22F0B469}.Debug|Any CPU.ActiveCfg = Debug|Any CPU
		{A9E7B269-0135-4B4F-A978-DE4F22F0B469}.Debug|Any CPU.Build.0 = Debug|Any CPU
		{A9E7B269-0135-4B4F-A978-DE4F22F0B469}.Release|Any CPU.ActiveCfg = Release|Any CPU
		{A9E7B269-0135-4B4F-A978-DE4F22F0B469}.Release|Any CPU.Build.0 = Release|Any CPU
	EndGlobalSection
	GlobalSection(SolutionProperties) = preSolution
		HideSolutionNode = FALSE
	EndGlobalSection
	GlobalSection(ExtensibilityGlobals) = postSolution
		SolutionGuid = {4D1066BE-AECF-40E8-A830-6A3F2414BF73}
	EndGlobalSection
EndGlobal
