
Microsoft Visual Studio Solution File, Format Version 12.00
# Visual Studio Version 17
VisualStudioVersion = 17.1.32228.430
MinimumVisualStudioVersion = 10.0.40219.1
Project("{FAE04EC0-301F-11D3-BF4B-00C04F79EFBC}") = "Constructor", "Constructor\Constructor.csproj", "{F649387A-6AEF-42EE-A8C8-D7AC2501CEE6}"
EndProject
Global
	GlobalSection(SolutionConfigurationPlatforms) = preSolution
		Debug|Any CPU = Debug|Any CPU
		Release|Any CPU = Release|Any CPU
	EndGlobalSection
	GlobalSection(ProjectConfigurationPlatforms) = postSolution
		{F649387A-6AEF-42EE-A8C8-D7AC2501CEE6}.Debug|Any CPU.ActiveCfg = Debug|Any CPU
		{F649387A-6AEF-42EE-A8C8-D7AC2501CEE6}.Debug|Any CPU.Build.0 = Debug|Any CPU
		{F649387A-6AEF-42EE-A8C8-D7AC2501CEE6}.Release|Any CPU.ActiveCfg = Release|Any CPU
		{F649387A-6AEF-42EE-A8C8-D7AC2501CEE6}.Release|Any CPU.Build.0 = Release|Any CPU
	EndGlobalSection
	GlobalSection(SolutionProperties) = preSolution
		HideSolutionNode = FALSE
	EndGlobalSection
	GlobalSection(ExtensibilityGlobals) = postSolution
		SolutionGuid = {2679648B-9D73-4671-93D2-6E44EA3DCD0D}
	EndGlobalSection
EndGlobal
